NeoBundleLock molokai db8ce13b3737d3ddea8368498183d7c204a762eb
NeoBundleLock neobundle.vim ed123adb1dd31358f1ed35e852fb219c5214cf7c
NeoBundleLock neocomplete ac165f8651a26ae8698057cd3a098759bedb02c4
NeoBundleLock neocomplete-php.vim 68c3b3a6439c6c5cc0640260dde52eef197dd2f3
NeoBundleLock neomru.vim 6e6ca0454fbe67ab01cfe9c8588546c9af156944
NeoBundleLock neosnippet e619d43571a675057461f29f2c039dab64728f32
NeoBundleLock neosnippet-snippets 9767073287214a621197eced2455768e0940f482
NeoBundleLock nerdtree 96c07746b46c12d0aca7a5276cc5bd0a260b82fe
NeoBundleLock phpcomplete.vim 8775df13b80744a83ea33b407354e9d4cea05b7c
NeoBundleLock syntastic b1b79009e3df39d7e66c06f5dafdeaf8a3594b52
NeoBundleLock tcomment_vim 1a9e65e6e1b2783816b606d57184a05ef3f91339
NeoBundleLock unite-colorscheme 3aa33866a183f7659594a3f6b66b2334eaebc6a0
NeoBundleLock unite.vim 394b1b08a80027d9ca3900b4136587642a01a1ff
NeoBundleLock vim-autoclose a9a3b7384657bc1f60a963fd6c08c63fc48d61c3
NeoBundleLock vim-endwise f06abe3d6eca6f6ebfc31ea3163a51575f450df6
NeoBundleLock vim-markdown fae9943e5a4dcc2cb6b393fab0dfdb2ddf89af3d
NeoBundleLock vim-quickrun ec9f7f2c26dd49ffaf4f3ce8c6254c76696fbf41
NeoBundleLock vim-surround 772ab9587b7d1e2c3bae75395c9123803059ba8a
NeoBundleLock vim-twig 69acd8d4386727affa345d39ea42d149771c2647
NeoBundleLock vimproc.vim 0555aecded8737435747e903efc4b6f3241cc62c
